// !$*UTF8*$!
{
	archiveVersion = 1;
	classes = {
	};
	objectVersion = 52;
	objects = {

/* Begin PBXBuildFile section */
		2E0EB118276A769500E67D5A /* PhotosTableViewController.swift in Sources */ = {isa = PBXBuildFile; fileRef = 2E0EB117276A769500E67D5A /* PhotosTableViewController.swift */; };
		2E0EB11C276A76C300E67D5A /* FriendsTableViewController.swift in Sources */ = {isa = PBXBuildFile; fileRef = 2E0EB11B276A76C300E67D5A /* FriendsTableViewController.swift */; };
		2E0EB120276A792100E67D5A /* FriendsApi.swift in Sources */ = {isa = PBXBuildFile; fileRef = 2E0EB11F276A792100E67D5A /* FriendsApi.swift */; };
		2E0EB124276A876400E67D5A /* Data+PrettyJSON.swift in Sources */ = {isa = PBXBuildFile; fileRef = 2E0EB123276A876400E67D5A /* Data+PrettyJSON.swift */; };
		2E0EB128276A8E0200E67D5A /* Friend.swift in Sources */ = {isa = PBXBuildFile; fileRef = 2E0EB127276A8E0200E67D5A /* Friend.swift */; };
		2E2C04BC27A16D5E00AC529B /* TextNewsFeedCell.swift in Sources */ = {isa = PBXBuildFile; fileRef = 2E2C04BB27A16D5E00AC529B /* TextNewsFeedCell.swift */; };
		2E2C04BF27A16D7F00AC529B /* PhotoNewsFeedCell.swift in Sources */ = {isa = PBXBuildFile; fileRef = 2E2C04BE27A16D7F00AC529B /* PhotoNewsFeedCell.swift */; };
		2E2C04C527A16DC100AC529B /* LikeNewsFeedCell.swift in Sources */ = {isa = PBXBuildFile; fileRef = 2E2C04C427A16DC100AC529B /* LikeNewsFeedCell.swift */; };
		2E2C04C827A16F8200AC529B /* NewsFeedTableViewController.swift in Sources */ = {isa = PBXBuildFile; fileRef = 2E2C04C727A16F8200AC529B /* NewsFeedTableViewController.swift */; };
		2E3BC4F6276147F000690ADE /* AppDelegate.swift in Sources */ = {isa = PBXBuildFile; fileRef = 2E3BC4F5276147F000690ADE /* AppDelegate.swift */; };
		2E3BC4F8276147F000690ADE /* SceneDelegate.swift in Sources */ = {isa = PBXBuildFile; fileRef = 2E3BC4F7276147F000690ADE /* SceneDelegate.swift */; };
		2E3BC4FA276147F000690ADE /* SendCashViewController.swift in Sources */ = {isa = PBXBuildFile; fileRef = 2E3BC4F9276147F000690ADE /* SendCashViewController.swift */; };
		2E3BC4FD276147F000690ADE /* Main.storyboard in Resources */ = {isa = PBXBuildFile; fileRef = 2E3BC4FB276147F000690ADE /* Main.storyboard */; };
		2E3BC4FF276147F300690ADE /* Assets.xcassets in Resources */ = {isa = PBXBuildFile; fileRef = 2E3BC4FE276147F300690ADE /* Assets.xcassets */; };
		2E3BC502276147F300690ADE /* LaunchScreen.storyboard in Resources */ = {isa = PBXBuildFile; fileRef = 2E3BC500276147F300690ADE /* LaunchScreen.storyboard */; };
		2E3BC51127614A9400690ADE /* Account.swift in Sources */ = {isa = PBXBuildFile; fileRef = 2E3BC51027614A9400690ADE /* Account.swift */; };
		2E3BC51627614EE100690ADE /* DitailCashViewController.swift in Sources */ = {isa = PBXBuildFile; fileRef = 2E3BC51527614EE100690ADE /* DitailCashViewController.swift */; };
		2E3BC51A2761556D00690ADE /* Session.swift in Sources */ = {isa = PBXBuildFile; fileRef = 2E3BC5192761556D00690ADE /* Session.swift */; };
		2E4983E5276BA6EC00EB3C23 /* SDWebImage in Frameworks */ = {isa = PBXBuildFile; productRef = 2E4983E4276BA6EC00EB3C23 /* SDWebImage */; };
		2E4983E8276BB4A400EB3C23 /* FriendDTO.swift in Sources */ = {isa = PBXBuildFile; fileRef = 2E4983E7276BB4A400EB3C23 /* FriendDTO.swift */; };
		2E4983EC276BB57200EB3C23 /* SwiftyJSON in Frameworks */ = {isa = PBXBuildFile; productRef = 2E4983EB276BB57200EB3C23 /* SwiftyJSON */; };
		2E4983F0276BBEE900EB3C23 /* PhotosApi.swift in Sources */ = {isa = PBXBuildFile; fileRef = 2E4983EF276BBEE900EB3C23 /* PhotosApi.swift */; };
		2E4983F6276BC3D200EB3C23 /* GroupsApi.swift in Sources */ = {isa = PBXBuildFile; fileRef = 2E4983F5276BC3D200EB3C23 /* GroupsApi.swift */; };
		2E4983F9276BC79E00EB3C23 /* PhotoDTO.swift in Sources */ = {isa = PBXBuildFile; fileRef = 2E4983F8276BC79E00EB3C23 /* PhotoDTO.swift */; };
		2E5057C027734BFC00E84A97 /* RealmSwift in Frameworks */ = {isa = PBXBuildFile; productRef = 2E5057BF27734BFC00E84A97 /* RealmSwift */; };
		2E5057C527734D5000E84A97 /* StorageViewController.swift in Sources */ = {isa = PBXBuildFile; fileRef = 2E5057C427734D5000E84A97 /* StorageViewController.swift */; };
		2E53E294279476E000B2D2E9 /* FriendFB.swift in Sources */ = {isa = PBXBuildFile; fileRef = 2E53E293279476E000B2D2E9 /* FriendFB.swift */; };
		2E5479E5277997E600EA9D18 /* GroupsDB.swift in Sources */ = {isa = PBXBuildFile; fileRef = 2E5479E4277997E600EA9D18 /* GroupsDB.swift */; };
		2E547F002793F46B009BA373 /* LoginFBViewController.swift in Sources */ = {isa = PBXBuildFile; fileRef = 2E547EFF2793F46B009BA373 /* LoginFBViewController.swift */; };
		2E547F032793F47C009BA373 /* HomeFBViewController.swift in Sources */ = {isa = PBXBuildFile; fileRef = 2E547F022793F47C009BA373 /* HomeFBViewController.swift */; };
		2E54F79F27935B5900489B44 /* SessionFirebase.swift in Sources */ = {isa = PBXBuildFile; fileRef = 2E54F79E27935B5900489B44 /* SessionFirebase.swift */; };
		2E56A3CB27763C95009E8AE5 /* RealmViewController.swift in Sources */ = {isa = PBXBuildFile; fileRef = 2E56A3CA27763C95009E8AE5 /* RealmViewController.swift */; };
		2E5BC44A276F69C100969561 /* GroupsTableViewController.swift in Sources */ = {isa = PBXBuildFile; fileRef = 2E5BC449276F69C100969561 /* GroupsTableViewController.swift */; };
		2E6617822762B04D004B9360 /* AuthorizationVKViewController.swift in Sources */ = {isa = PBXBuildFile; fileRef = 2E6617812762B04D004B9360 /* AuthorizationVKViewController.swift */; };
		2E6AFDF72790AF3D004CDEDF /* GoogleService-Info.plist in Resources */ = {isa = PBXBuildFile; fileRef = 2E6AFDF62790AF3D004CDEDF /* GoogleService-Info.plist */; };
		2E6AFDFB2790AFED004CDEDF /* FirebaseAuth in Frameworks */ = {isa = PBXBuildFile; productRef = 2E6AFDFA2790AFED004CDEDF /* FirebaseAuth */; };
		2E6AFDFD2790AFED004CDEDF /* FirebaseDatabase in Frameworks */ = {isa = PBXBuildFile; productRef = 2E6AFDFC2790AFED004CDEDF /* FirebaseDatabase */; };
		2E6AFE062790B3AF004CDEDF /* LoginViewController.swift in Sources */ = {isa = PBXBuildFile; fileRef = 2E6AFE052790B3AF004CDEDF /* LoginViewController.swift */; };
		2E6AFE092790B3BC004CDEDF /* HomeViewController.swift in Sources */ = {isa = PBXBuildFile; fileRef = 2E6AFE082790B3BC004CDEDF /* HomeViewController.swift */; };
		2E713DF62792F54E003AFCF6 /* FirebaseCity.swift in Sources */ = {isa = PBXBuildFile; fileRef = 2E713DF52792F54E003AFCF6 /* FirebaseCity.swift */; };
		2E73CC8627662EF100FB6EC4 /* ApiRequestViewController.swift in Sources */ = {isa = PBXBuildFile; fileRef = 2E73CC8527662EF100FB6EC4 /* ApiRequestViewController.swift */; };
		2E762493279959BF00EEE98E /* NewsFeed.swift in Sources */ = {isa = PBXBuildFile; fileRef = 2E762492279959BF00EEE98E /* NewsFeed.swift */; };
		2E793DCD2771C25E00B397D7 /* GroupDTO.swift in Sources */ = {isa = PBXBuildFile; fileRef = 2E793DCC2771C25E00B397D7 /* GroupDTO.swift */; };
		2E7FBB88277F472C0021525B /* SwiftKeychainWrapper in Frameworks */ = {isa = PBXBuildFile; productRef = 2E7FBB87277F472C0021525B /* SwiftKeychainWrapper */; };
		2E895C442795BB8C001FFA84 /* GroupFB.swift in Sources */ = {isa = PBXBuildFile; fileRef = 2E895C432795BB8C001FFA84 /* GroupFB.swift */; };
		2EAF8F6227A5681E0006E371 /* AuthorNewCell.swift in Sources */ = {isa = PBXBuildFile; fileRef = 2EAF8F6127A5681E0006E371 /* AuthorNewCell.swift */; };
		2EAF8F6527A57CC10006E371 /* New.swift in Sources */ = {isa = PBXBuildFile; fileRef = 2EAF8F6427A57CC10006E371 /* New.swift */; };
		2EB46F7D2780B8D000271A72 /* PhotosDB.swift in Sources */ = {isa = PBXBuildFile; fileRef = 2EB46F7C2780B8D000271A72 /* PhotosDB.swift */; };
		2ED555552777ACC70057514E /* FriendsDB.swift in Sources */ = {isa = PBXBuildFile; fileRef = 2ED555542777ACC70057514E /* FriendsDB.swift */; };
		2EFB1D0127A7E91E00E02682 /* NewsApi.swift in Sources */ = {isa = PBXBuildFile; fileRef = 2EFB1D0027A7E91E00E02682 /* NewsApi.swift */; };
		816CBD0C776D29638699AEEE /* Pods_client_server_1788.framework in Frameworks */ = {isa = PBXBuildFile; fileRef = 70FEE3B97FDD76BBE198B378 /* Pods_client_server_1788.framework */; };
/* End PBXBuildFile section */

/* Begin PBXFileReference section */
		01119230A72A2E1A281BB603 /* Pods-client-server-1788.debug.xcconfig */ = {isa = PBXFileReference; includeInIndex = 1; lastKnownFileType = text.xcconfig; name = "Pods-client-server-1788.debug.xcconfig"; path = "Pods/Target Support Files/Pods-client-server-1788/Pods-client-server-1788.debug.xcconfig"; sourceTree = "<group>"; };
		2E0EB117276A769500E67D5A /* PhotosTableViewController.swift */ = {isa = PBXFileReference; lastKnownFileType = sourcecode.swift; path = PhotosTableViewController.swift; sourceTree = "<group>"; };
		2E0EB11B276A76C300E67D5A /* FriendsTableViewController.swift */ = {isa = PBXFileReference; lastKnownFileType = sourcecode.swift; path = FriendsTableViewController.swift; sourceTree = "<group>"; };
		2E0EB11F276A792100E67D5A /* FriendsApi.swift */ = {isa = PBXFileReference; lastKnownFileType = sourcecode.swift; path = FriendsApi.swift; sourceTree = "<group>"; };
		2E0EB123276A876400E67D5A /* Data+PrettyJSON.swift */ = {isa = PBXFileReference; lastKnownFileType = sourcecode.swift; path = "Data+PrettyJSON.swift"; sourceTree = "<group>"; };
		2E0EB127276A8E0200E67D5A /* Friend.swift */ = {isa = PBXFileReference; lastKnownFileType = sourcecode.swift; path = Friend.swift; sourceTree = "<group>"; };
		2E2C04BB27A16D5E00AC529B /* TextNewsFeedCell.swift */ = {isa = PBXFileReference; lastKnownFileType = sourcecode.swift; path = TextNewsFeedCell.swift; sourceTree = "<group>"; };
		2E2C04BE27A16D7F00AC529B /* PhotoNewsFeedCell.swift */ = {isa = PBXFileReference; lastKnownFileType = sourcecode.swift; path = PhotoNewsFeedCell.swift; sourceTree = "<group>"; };
		2E2C04C427A16DC100AC529B /* LikeNewsFeedCell.swift */ = {isa = PBXFileReference; lastKnownFileType = sourcecode.swift; path = LikeNewsFeedCell.swift; sourceTree = "<group>"; };
		2E2C04C727A16F8200AC529B /* NewsFeedTableViewController.swift */ = {isa = PBXFileReference; lastKnownFileType = sourcecode.swift; path = NewsFeedTableViewController.swift; sourceTree = "<group>"; };
		2E3BC4F2276147F000690ADE /* client-server-1788.app */ = {isa = PBXFileReference; explicitFileType = wrapper.application; includeInIndex = 0; path = "client-server-1788.app"; sourceTree = BUILT_PRODUCTS_DIR; };
		2E3BC4F5276147F000690ADE /* AppDelegate.swift */ = {isa = PBXFileReference; lastKnownFileType = sourcecode.swift; path = AppDelegate.swift; sourceTree = "<group>"; };
		2E3BC4F7276147F000690ADE /* SceneDelegate.swift */ = {isa = PBXFileReference; lastKnownFileType = sourcecode.swift; path = SceneDelegate.swift; sourceTree = "<group>"; };
		2E3BC4F9276147F000690ADE /* SendCashViewController.swift */ = {isa = PBXFileReference; lastKnownFileType = sourcecode.swift; path = SendCashViewController.swift; sourceTree = "<group>"; };
		2E3BC4FC276147F000690ADE /* Base */ = {isa = PBXFileReference; lastKnownFileType = file.storyboard; name = Base; path = Base.lproj/Main.storyboard; sourceTree = "<group>"; };
		2E3BC4FE276147F300690ADE /* Assets.xcassets */ = {isa = PBXFileReference; lastKnownFileType = folder.assetcatalog; path = Assets.xcassets; sourceTree = "<group>"; };
		2E3BC501276147F300690ADE /* Base */ = {isa = PBXFileReference; lastKnownFileType = file.storyboard; name = Base; path = Base.lproj/LaunchScreen.storyboard; sourceTree = "<group>"; };
		2E3BC503276147F300690ADE /* Info.plist */ = {isa = PBXFileReference; lastKnownFileType = text.plist.xml; path = Info.plist; sourceTree = "<group>"; };
		2E3BC51027614A9400690ADE /* Account.swift */ = {isa = PBXFileReference; lastKnownFileType = sourcecode.swift; path = Account.swift; sourceTree = "<group>"; };
		2E3BC51527614EE100690ADE /* DitailCashViewController.swift */ = {isa = PBXFileReference; lastKnownFileType = sourcecode.swift; path = DitailCashViewController.swift; sourceTree = "<group>"; };
		2E3BC5192761556D00690ADE /* Session.swift */ = {isa = PBXFileReference; lastKnownFileType = sourcecode.swift; path = Session.swift; sourceTree = "<group>"; };
		2E4983E7276BB4A400EB3C23 /* FriendDTO.swift */ = {isa = PBXFileReference; lastKnownFileType = sourcecode.swift; path = FriendDTO.swift; sourceTree = "<group>"; };
		2E4983EF276BBEE900EB3C23 /* PhotosApi.swift */ = {isa = PBXFileReference; lastKnownFileType = sourcecode.swift; path = PhotosApi.swift; sourceTree = "<group>"; };
		2E4983F5276BC3D200EB3C23 /* GroupsApi.swift */ = {isa = PBXFileReference; lastKnownFileType = sourcecode.swift; path = GroupsApi.swift; sourceTree = "<group>"; };
		2E4983F8276BC79E00EB3C23 /* PhotoDTO.swift */ = {isa = PBXFileReference; lastKnownFileType = sourcecode.swift; path = PhotoDTO.swift; sourceTree = "<group>"; };
		2E5057C427734D5000E84A97 /* StorageViewController.swift */ = {isa = PBXFileReference; lastKnownFileType = sourcecode.swift; path = StorageViewController.swift; sourceTree = "<group>"; };
		2E53E293279476E000B2D2E9 /* FriendFB.swift */ = {isa = PBXFileReference; lastKnownFileType = sourcecode.swift; path = FriendFB.swift; sourceTree = "<group>"; };
		2E5479E4277997E600EA9D18 /* GroupsDB.swift */ = {isa = PBXFileReference; lastKnownFileType = sourcecode.swift; path = GroupsDB.swift; sourceTree = "<group>"; };
		2E547EFF2793F46B009BA373 /* LoginFBViewController.swift */ = {isa = PBXFileReference; lastKnownFileType = sourcecode.swift; path = LoginFBViewController.swift; sourceTree = "<group>"; };
		2E547F022793F47C009BA373 /* HomeFBViewController.swift */ = {isa = PBXFileReference; lastKnownFileType = sourcecode.swift; path = HomeFBViewController.swift; sourceTree = "<group>"; };
		2E54F79E27935B5900489B44 /* SessionFirebase.swift */ = {isa = PBXFileReference; lastKnownFileType = sourcecode.swift; path = SessionFirebase.swift; sourceTree = "<group>"; };
		2E56A3CA27763C95009E8AE5 /* RealmViewController.swift */ = {isa = PBXFileReference; lastKnownFileType = sourcecode.swift; path = RealmViewController.swift; sourceTree = "<group>"; };
		2E5BC449276F69C100969561 /* GroupsTableViewController.swift */ = {isa = PBXFileReference; lastKnownFileType = sourcecode.swift; path = GroupsTableViewController.swift; sourceTree = "<group>"; };
		2E6617812762B04D004B9360 /* AuthorizationVKViewController.swift */ = {isa = PBXFileReference; lastKnownFileType = sourcecode.swift; path = AuthorizationVKViewController.swift; sourceTree = "<group>"; };
		2E6AFDF62790AF3D004CDEDF /* GoogleService-Info.plist */ = {isa = PBXFileReference; fileEncoding = 4; lastKnownFileType = text.plist.xml; path = "GoogleService-Info.plist"; sourceTree = "<group>"; };
		2E6AFE052790B3AF004CDEDF /* LoginViewController.swift */ = {isa = PBXFileReference; lastKnownFileType = sourcecode.swift; path = LoginViewController.swift; sourceTree = "<group>"; };
		2E6AFE082790B3BC004CDEDF /* HomeViewController.swift */ = {isa = PBXFileReference; lastKnownFileType = sourcecode.swift; path = HomeViewController.swift; sourceTree = "<group>"; };
		2E713DF52792F54E003AFCF6 /* FirebaseCity.swift */ = {isa = PBXFileReference; lastKnownFileType = sourcecode.swift; path = FirebaseCity.swift; sourceTree = "<group>"; };
		2E73CC8527662EF100FB6EC4 /* ApiRequestViewController.swift */ = {isa = PBXFileReference; lastKnownFileType = sourcecode.swift; path = ApiRequestViewController.swift; sourceTree = "<group>"; };
		2E762492279959BF00EEE98E /* NewsFeed.swift */ = {isa = PBXFileReference; lastKnownFileType = sourcecode.swift; path = NewsFeed.swift; sourceTree = "<group>"; };
		2E793DCC2771C25E00B397D7 /* GroupDTO.swift */ = {isa = PBXFileReference; lastKnownFileType = sourcecode.swift; path = GroupDTO.swift; sourceTree = "<group>"; };
		2E895C432795BB8C001FFA84 /* GroupFB.swift */ = {isa = PBXFileReference; lastKnownFileType = sourcecode.swift; path = GroupFB.swift; sourceTree = "<group>"; };
		2EAF8F6127A5681E0006E371 /* AuthorNewCell.swift */ = {isa = PBXFileReference; lastKnownFileType = sourcecode.swift; path = AuthorNewCell.swift; sourceTree = "<group>"; };
		2EAF8F6427A57CC10006E371 /* New.swift */ = {isa = PBXFileReference; lastKnownFileType = sourcecode.swift; path = New.swift; sourceTree = "<group>"; };
		2EB46F7C2780B8D000271A72 /* PhotosDB.swift */ = {isa = PBXFileReference; lastKnownFileType = sourcecode.swift; path = PhotosDB.swift; sourceTree = "<group>"; };
		2ED555542777ACC70057514E /* FriendsDB.swift */ = {isa = PBXFileReference; lastKnownFileType = sourcecode.swift; path = FriendsDB.swift; sourceTree = "<group>"; };
		2EFB1D0027A7E91E00E02682 /* NewsApi.swift */ = {isa = PBXFileReference; lastKnownFileType = sourcecode.swift; path = NewsApi.swift; sourceTree = "<group>"; };
		70FEE3B97FDD76BBE198B378 /* Pods_client_server_1788.framework */ = {isa = PBXFileReference; explicitFileType = wrapper.framework; includeInIndex = 0; path = Pods_client_server_1788.framework; sourceTree = BUILT_PRODUCTS_DIR; };
		954799A3105721613CD10A96 /* Pods-client-server-1788.release.xcconfig */ = {isa = PBXFileReference; includeInIndex = 1; lastKnownFileType = text.xcconfig; name = "Pods-client-server-1788.release.xcconfig"; path = "Pods/Target Support Files/Pods-client-server-1788/Pods-client-server-1788.release.xcconfig"; sourceTree = "<group>"; };
/* End PBXFileReference section */

/* Begin PBXFrameworksBuildPhase section */
		2E3BC4EF276147F000690ADE /* Frameworks */ = {
			isa = PBXFrameworksBuildPhase;
			buildActionMask = 2147483647;
			files = (
				2E5057C027734BFC00E84A97 /* RealmSwift in Frameworks */,
				2E6AFDFB2790AFED004CDEDF /* FirebaseAuth in Frameworks */,
				2E4983EC276BB57200EB3C23 /* SwiftyJSON in Frameworks */,
				2E7FBB88277F472C0021525B /* SwiftKeychainWrapper in Frameworks */,
				2E4983E5276BA6EC00EB3C23 /* SDWebImage in Frameworks */,
				2E6AFDFD2790AFED004CDEDF /* FirebaseDatabase in Frameworks */,
				816CBD0C776D29638699AEEE /* Pods_client_server_1788.framework in Frameworks */,
			);
			runOnlyForDeploymentPostprocessing = 0;
		};
/* End PBXFrameworksBuildPhase section */

/* Begin PBXGroup section */
		2E0EB111276A761900E67D5A /* Auth */ = {
			isa = PBXGroup;
			children = (
				2E6617812762B04D004B9360 /* AuthorizationVKViewController.swift */,
				2E547EFF2793F46B009BA373 /* LoginFBViewController.swift */,
				2E547F022793F47C009BA373 /* HomeFBViewController.swift */,
			);
			path = Auth;
			sourceTree = "<group>";
		};
		2E0EB113276A763500E67D5A /* Friends */ = {
			isa = PBXGroup;
			children = (
				2E0EB126276A8DC900E67D5A /* Models */,
				2E0EB11B276A76C300E67D5A /* FriendsTableViewController.swift */,
			);
			path = Friends;
			sourceTree = "<group>";
		};
		2E0EB116276A764E00E67D5A /* Photos */ = {
			isa = PBXGroup;
			children = (
				2E0EB117276A769500E67D5A /* PhotosTableViewController.swift */,
				2E4983EE276BBE7000EB3C23 /* Models */,
			);
			path = Photos;
			sourceTree = "<group>";
		};
		2E0EB122276A86FC00E67D5A /* Extention */ = {
			isa = PBXGroup;
			children = (
				2E0EB123276A876400E67D5A /* Data+PrettyJSON.swift */,
			);
			path = Extention;
			sourceTree = "<group>";
		};
		2E0EB126276A8DC900E67D5A /* Models */ = {
			isa = PBXGroup;
			children = (
				2E0EB127276A8E0200E67D5A /* Friend.swift */,
				2E4983E7276BB4A400EB3C23 /* FriendDTO.swift */,
				2E53E293279476E000B2D2E9 /* FriendFB.swift */,
			);
			path = Models;
			sourceTree = "<group>";
		};
		2E3BC4E9276147F000690ADE = {
			isa = PBXGroup;
			children = (
				2E3BC4F4276147F000690ADE /* client-server-1788 */,
				2E3BC4F3276147F000690ADE /* Products */,
				97F17B02F525FB14A412C28A /* Pods */,
				62BCC15F4C903D1DCB832210 /* Frameworks */,
			);
			sourceTree = "<group>";
		};
		2E3BC4F3276147F000690ADE /* Products */ = {
			isa = PBXGroup;
			children = (
				2E3BC4F2276147F000690ADE /* client-server-1788.app */,
			);
			name = Products;
			sourceTree = "<group>";
		};
		2E3BC4F4276147F000690ADE /* client-server-1788 */ = {
			isa = PBXGroup;
			children = (
				2E6617802762AFF4004B9360 /* VKServise */,
				2E3BC50A2761485800690ADE /* App */,
				2E3BC50C2761486B00690ADE /* client-server */,
				2E3BC50E2761488200690ADE /* Sources */,
			);
			path = "client-server-1788";
			sourceTree = "<group>";
		};
		2E3BC50A2761485800690ADE /* App */ = {
			isa = PBXGroup;
			children = (
				2E3BC4F5276147F000690ADE /* AppDelegate.swift */,
				2E3BC4F7276147F000690ADE /* SceneDelegate.swift */,
			);
			path = App;
			sourceTree = "<group>";
		};
		2E3BC50C2761486B00690ADE /* client-server */ = {
			isa = PBXGroup;
			children = (
				2E3BC4F9276147F000690ADE /* SendCashViewController.swift */,
				2E3BC51527614EE100690ADE /* DitailCashViewController.swift */,
				2E3BC51027614A9400690ADE /* Account.swift */,
			);
			path = "client-server";
			sourceTree = "<group>";
		};
		2E3BC50E2761488200690ADE /* Sources */ = {
			isa = PBXGroup;
			children = (
				2E6AFDF62790AF3D004CDEDF /* GoogleService-Info.plist */,
				2E3BC4FB276147F000690ADE /* Main.storyboard */,
				2E3BC4FE276147F300690ADE /* Assets.xcassets */,
				2E3BC500276147F300690ADE /* LaunchScreen.storyboard */,
				2E3BC503276147F300690ADE /* Info.plist */,
			);
			path = Sources;
			sourceTree = "<group>";
		};
		2E4983EE276BBE7000EB3C23 /* Models */ = {
			isa = PBXGroup;
			children = (
				2E4983F8276BC79E00EB3C23 /* PhotoDTO.swift */,
			);
			path = Models;
			sourceTree = "<group>";
		};
		2E4983F3276BC38200EB3C23 /* Groups */ = {
			isa = PBXGroup;
			children = (
				2E5BC449276F69C100969561 /* GroupsTableViewController.swift */,
				2E4983F4276BC39700EB3C23 /* Models */,
			);
			path = Groups;
			sourceTree = "<group>";
		};
		2E4983F4276BC39700EB3C23 /* Models */ = {
			isa = PBXGroup;
			children = (
				2E793DCC2771C25E00B397D7 /* GroupDTO.swift */,
				2E895C432795BB8C001FFA84 /* GroupFB.swift */,
			);
			path = Models;
			sourceTree = "<group>";
		};
		2E4AC3BF27A40BC8006926A0 /* Models */ = {
			isa = PBXGroup;
			children = (
				2EAF8F6127A5681E0006E371 /* AuthorNewCell.swift */,
				2EAF8F6427A57CC10006E371 /* New.swift */,
			);
			path = Models;
			sourceTree = "<group>";
		};
		2E5057C227734D0000E84A97 /* TestControllers */ = {
			isa = PBXGroup;
			children = (
				2E6AFDFF2790B321004CDEDF /* lesson-8 */,
				2E73CC8527662EF100FB6EC4 /* ApiRequestViewController.swift */,
				2E5057C427734D5000E84A97 /* StorageViewController.swift */,
				2E56A3CA27763C95009E8AE5 /* RealmViewController.swift */,
			);
			path = TestControllers;
			sourceTree = "<group>";
		};
		2E6617802762AFF4004B9360 /* VKServise */ = {
			isa = PBXGroup;
			children = (
				2E73CC812765327D00FB6EC4 /* Modules */,
				2E73CC832765329B00FB6EC4 /* Services */,
				2E0EB122276A86FC00E67D5A /* Extention */,
			);
			path = VKServise;
			sourceTree = "<group>";
		};
		2E6AFDFF2790B321004CDEDF /* lesson-8 */ = {
			isa = PBXGroup;
			children = (
				2E713DEF2792E9D9003AFCF6 /* Model */,
				2E6AFE052790B3AF004CDEDF /* LoginViewController.swift */,
				2E6AFE082790B3BC004CDEDF /* HomeViewController.swift */,
			);
			path = "lesson-8";
			sourceTree = "<group>";
		};
		2E713DEF2792E9D9003AFCF6 /* Model */ = {
			isa = PBXGroup;
			children = (
				2E713DF52792F54E003AFCF6 /* FirebaseCity.swift */,
			);
			path = Model;
			sourceTree = "<group>";
		};
		2E73CC812765327D00FB6EC4 /* Modules */ = {
			isa = PBXGroup;
			children = (
				2E5057C227734D0000E84A97 /* TestControllers */,
				2E7624912799586600EEE98E /* NewsFeed */,
				2E4983F3276BC38200EB3C23 /* Groups */,
				2E0EB113276A763500E67D5A /* Friends */,
				2E0EB116276A764E00E67D5A /* Photos */,
				2E0EB111276A761900E67D5A /* Auth */,
			);
			path = Modules;
			sourceTree = "<group>";
		};
		2E73CC832765329B00FB6EC4 /* Services */ = {
			isa = PBXGroup;
			children = (
				2E3BC5192761556D00690ADE /* Session.swift */,
				2E54F79E27935B5900489B44 /* SessionFirebase.swift */,
				2E7FBB8A277F48080021525B /* Api */,
				2E7FBB8C277F48180021525B /* DataBase */,
			);
			path = Services;
			sourceTree = "<group>";
		};
		2E7624912799586600EEE98E /* NewsFeed */ = {
			isa = PBXGroup;
			children = (
				2E4AC3BF27A40BC8006926A0 /* Models */,
				2E2C04BB27A16D5E00AC529B /* TextNewsFeedCell.swift */,
				2E2C04BE27A16D7F00AC529B /* PhotoNewsFeedCell.swift */,
				2E2C04C427A16DC100AC529B /* LikeNewsFeedCell.swift */,
				2E2C04C727A16F8200AC529B /* NewsFeedTableViewController.swift */,
			);
			path = NewsFeed;
			sourceTree = "<group>";
		};
		2E7FBB8A277F48080021525B /* Api */ = {
			isa = PBXGroup;
			children = (
				2E0EB11F276A792100E67D5A /* FriendsApi.swift */,
				2E4983EF276BBEE900EB3C23 /* PhotosApi.swift */,
				2E4983F5276BC3D200EB3C23 /* GroupsApi.swift */,
				2EFB1D0027A7E91E00E02682 /* NewsApi.swift */,
			);
			path = Api;
			sourceTree = "<group>";
		};
		2E7FBB8C277F48180021525B /* DataBase */ = {
			isa = PBXGroup;
			children = (
				2ED555542777ACC70057514E /* FriendsDB.swift */,
				2E5479E4277997E600EA9D18 /* GroupsDB.swift */,
				2EB46F7C2780B8D000271A72 /* PhotosDB.swift */,
				2E762492279959BF00EEE98E /* NewsFeed.swift */,
			);
			path = DataBase;
			sourceTree = "<group>";
		};
		62BCC15F4C903D1DCB832210 /* Frameworks */ = {
			isa = PBXGroup;
			children = (
				70FEE3B97FDD76BBE198B378 /* Pods_client_server_1788.framework */,
			);
			name = Frameworks;
			sourceTree = "<group>";
		};
		97F17B02F525FB14A412C28A /* Pods */ = {
			isa = PBXGroup;
			children = (
				01119230A72A2E1A281BB603 /* Pods-client-server-1788.debug.xcconfig */,
				954799A3105721613CD10A96 /* Pods-client-server-1788.release.xcconfig */,
			);
			name = Pods;
			sourceTree = "<group>";
		};
/* End PBXGroup section */

/* Begin PBXNativeTarget section */
		2E3BC4F1276147F000690ADE /* client-server-1788 */ = {
			isa = PBXNativeTarget;
			buildConfigurationList = 2E3BC506276147F300690ADE /* Build configuration list for PBXNativeTarget "client-server-1788" */;
			buildPhases = (
				372444BA81CF4CCD475312D4 /* [CP] Check Pods Manifest.lock */,
				2E3BC4EE276147F000690ADE /* Sources */,
				2E3BC4EF276147F000690ADE /* Frameworks */,
				2E3BC4F0276147F000690ADE /* Resources */,
				A160E8BE847181692884B3B5 /* [CP] Embed Pods Frameworks */,
			);
			buildRules = (
			);
			dependencies = (
			);
			name = "client-server-1788";
			packageProductDependencies = (
				2E4983E4276BA6EC00EB3C23 /* SDWebImage */,
				2E4983EB276BB57200EB3C23 /* SwiftyJSON */,
				2E5057BF27734BFC00E84A97 /* RealmSwift */,
				2E7FBB87277F472C0021525B /* SwiftKeychainWrapper */,
				2E6AFDFA2790AFED004CDEDF /* FirebaseAuth */,
				2E6AFDFC2790AFED004CDEDF /* FirebaseDatabase */,
			);
			productName = "client-server-1788";
			productReference = 2E3BC4F2276147F000690ADE /* client-server-1788.app */;
			productType = "com.apple.product-type.application";
		};
/* End PBXNativeTarget section */

/* Begin PBXProject section */
		2E3BC4EA276147F000690ADE /* Project object */ = {
			isa = PBXProject;
			attributes = {
				LastSwiftUpdateCheck = 1240;
				LastUpgradeCheck = 1240;
				TargetAttributes = {
					2E3BC4F1276147F000690ADE = {
						CreatedOnToolsVersion = 12.4;
					};
				};
			};
			buildConfigurationList = 2E3BC4ED276147F000690ADE /* Build configuration list for PBXProject "client-server-1788" */;
			compatibilityVersion = "Xcode 9.3";
			developmentRegion = en;
			hasScannedForEncodings = 0;
			knownRegions = (
				en,
				Base,
			);
			mainGroup = 2E3BC4E9276147F000690ADE;
			packageReferences = (
				2E4983E3276BA6EC00EB3C23 /* XCRemoteSwiftPackageReference "SDWebImage" */,
				2E4983EA276BB57200EB3C23 /* XCRemoteSwiftPackageReference "SwiftyJSON" */,
				2E5057BE27734BFC00E84A97 /* XCRemoteSwiftPackageReference "realm-swift" */,
				2E7FBB86277F472C0021525B /* XCRemoteSwiftPackageReference "SwiftKeychainWrapper" */,
				2E6AFDF92790AFED004CDEDF /* XCRemoteSwiftPackageReference "firebase-ios-sdk" */,
			);
			productRefGroup = 2E3BC4F3276147F000690ADE /* Products */;
			projectDirPath = "";
			projectRoot = "";
			targets = (
				2E3BC4F1276147F000690ADE /* client-server-1788 */,
			);
		};
/* End PBXProject section */

/* Begin PBXResourcesBuildPhase section */
		2E3BC4F0276147F000690ADE /* Resources */ = {
			isa = PBXResourcesBuildPhase;
			buildActionMask = 2147483647;
			files = (
				2E3BC502276147F300690ADE /* LaunchScreen.storyboard in Resources */,
				2E6AFDF72790AF3D004CDEDF /* GoogleService-Info.plist in Resources */,
				2E3BC4FF276147F300690ADE /* Assets.xcassets in Resources */,
				2E3BC4FD276147F000690ADE /* Main.storyboard in Resources */,
			);
			runOnlyForDeploymentPostprocessing = 0;
		};
/* End PBXResourcesBuildPhase section */

/* Begin PBXShellScriptBuildPhase section */
		372444BA81CF4CCD475312D4 /* [CP] Check Pods Manifest.lock */ = {
			isa = PBXShellScriptBuildPhase;
			buildActionMask = 2147483647;
			files = (
			);
			inputPaths = (
				"${PODS_PODFILE_DIR_PATH}/Podfile.lock",
				"${PODS_ROOT}/Manifest.lock",
			);
			name = "[CP] Check Pods Manifest.lock";
			outputPaths = (
				"$(DERIVED_FILE_DIR)/Pods-client-server-1788-checkManifestLockResult.txt",
			);
			runOnlyForDeploymentPostprocessing = 0;
			shellPath = /bin/sh;
			shellScript = "diff \"${PODS_PODFILE_DIR_PATH}/Podfile.lock\" \"${PODS_ROOT}/Manifest.lock\" > /dev/null\nif [ $? != 0 ] ; then\n    # print error to STDERR\n    echo \"error: The sandbox is not in sync with the Podfile.lock. Run 'pod install' or update your CocoaPods installation.\" >&2\n    exit 1\nfi\n# This output is used by Xcode 'outputs' to avoid re-running this script phase.\necho \"SUCCESS\" > \"${SCRIPT_OUTPUT_FILE_0}\"\n";
			showEnvVarsInLog = 0;
		};
		A160E8BE847181692884B3B5 /* [CP] Embed Pods Frameworks */ = {
			isa = PBXShellScriptBuildPhase;
			buildActionMask = 2147483647;
			files = (
			);
			inputPaths = (
				"${SRCROOT}/Pods/Target Support Files/Pods-client-server-1788/Pods-client-server-1788-frameworks.sh",
				"${BUILT_PRODUCTS_DIR}/Alamofire/Alamofire.framework",
			);
			name = "[CP] Embed Pods Frameworks";
			outputPaths = (
				"${TARGET_BUILD_DIR}/${FRAMEWORKS_FOLDER_PATH}/Alamofire.framework",
			);
			runOnlyForDeploymentPostprocessing = 0;
			shellPath = /bin/sh;
			shellScript = "\"${SRCROOT}/Pods/Target Support Files/Pods-client-server-1788/Pods-client-server-1788-frameworks.sh\"\n";
			showEnvVarsInLog = 0;
		};
/* End PBXShellScriptBuildPhase section */

/* Begin PBXSourcesBuildPhase section */
		2E3BC4EE276147F000690ADE /* Sources */ = {
			isa = PBXSourcesBuildPhase;
			buildActionMask = 2147483647;
			files = (
				2E0EB120276A792100E67D5A /* FriendsApi.swift in Sources */,
				2E3BC51627614EE100690ADE /* DitailCashViewController.swift in Sources */,
				2E2C04BF27A16D7F00AC529B /* PhotoNewsFeedCell.swift in Sources */,
				2E3BC4FA276147F000690ADE /* SendCashViewController.swift in Sources */,
				2E0EB124276A876400E67D5A /* Data+PrettyJSON.swift in Sources */,
				2E4983F6276BC3D200EB3C23 /* GroupsApi.swift in Sources */,
				2E793DCD2771C25E00B397D7 /* GroupDTO.swift in Sources */,
				2E3BC51A2761556D00690ADE /* Session.swift in Sources */,
				2E2C04BC27A16D5E00AC529B /* TextNewsFeedCell.swift in Sources */,
				2E5479E5277997E600EA9D18 /* GroupsDB.swift in Sources */,
				2E73CC8627662EF100FB6EC4 /* ApiRequestViewController.swift in Sources */,
				2E2C04C527A16DC100AC529B /* LikeNewsFeedCell.swift in Sources */,
				2E547F032793F47C009BA373 /* HomeFBViewController.swift in Sources */,
				2E0EB11C276A76C300E67D5A /* FriendsTableViewController.swift in Sources */,
				2E53E294279476E000B2D2E9 /* FriendFB.swift in Sources */,
				2E3BC51127614A9400690ADE /* Account.swift in Sources */,
				2E6AFE092790B3BC004CDEDF /* HomeViewController.swift in Sources */,
				2E547F002793F46B009BA373 /* LoginFBViewController.swift in Sources */,
				2E762493279959BF00EEE98E /* NewsFeed.swift in Sources */,
				2E2C04C827A16F8200AC529B /* NewsFeedTableViewController.swift in Sources */,
				2E0EB118276A769500E67D5A /* PhotosTableViewController.swift in Sources */,
				2E4983F9276BC79E00EB3C23 /* PhotoDTO.swift in Sources */,
				2E6AFE062790B3AF004CDEDF /* LoginViewController.swift in Sources */,
				2E56A3CB27763C95009E8AE5 /* RealmViewController.swift in Sources */,
				2E4983F0276BBEE900EB3C23 /* PhotosApi.swift in Sources */,
				2EAF8F6227A5681E0006E371 /* AuthorNewCell.swift in Sources */,
				2E54F79F27935B5900489B44 /* SessionFirebase.swift in Sources */,
				2ED555552777ACC70057514E /* FriendsDB.swift in Sources */,
				2E4983E8276BB4A400EB3C23 /* FriendDTO.swift in Sources */,
				2E3BC4F6276147F000690ADE /* AppDelegate.swift in Sources */,
				2E6617822762B04D004B9360 /* AuthorizationVKViewController.swift in Sources */,
				2EFB1D0127A7E91E00E02682 /* NewsApi.swift in Sources */,
				2EAF8F6527A57CC10006E371 /* New.swift in Sources */,
				2E5057C527734D5000E84A97 /* StorageViewController.swift in Sources */,
				2E0EB128276A8E0200E67D5A /* Friend.swift in Sources */,
				2E713DF62792F54E003AFCF6 /* FirebaseCity.swift in Sources */,
				2EB46F7D2780B8D000271A72 /* PhotosDB.swift in Sources */,
				2E895C442795BB8C001FFA84 /* GroupFB.swift in Sources */,
				2E5BC44A276F69C100969561 /* GroupsTableViewController.swift in Sources */,
				2E3BC4F8276147F000690ADE /* SceneDelegate.swift in Sources */,
			);
			runOnlyForDeploymentPostprocessing = 0;
		};
/* End PBXSourcesBuildPhase section */

/* Begin PBXVariantGroup section */
		2E3BC4FB276147F000690ADE /* Main.storyboard */ = {
			isa = PBXVariantGroup;
			children = (
				2E3BC4FC276147F000690ADE /* Base */,
			);
			name = Main.storyboard;
			sourceTree = "<group>";
		};
		2E3BC500276147F300690ADE /* LaunchScreen.storyboard */ = {
			isa = PBXVariantGroup;
			children = (
				2E3BC501276147F300690ADE /* Base */,
			);
			name = LaunchScreen.storyboard;
			sourceTree = "<group>";
		};
/* End PBXVariantGroup section */

/* Begin XCBuildConfiguration section */
		2E3BC504276147F300690ADE /* Debug */ = {
			isa = XCBuildConfiguration;
			buildSettings = {
				ALWAYS_SEARCH_USER_PATHS = NO;
				CLANG_ANALYZER_NONNULL = YES;
				CLANG_ANALYZER_NUMBER_OBJECT_CONVERSION = YES_AGGRESSIVE;
				CLANG_CXX_LANGUAGE_STANDARD = "gnu++14";
				CLANG_CXX_LIBRARY = "libc++";
				CLANG_ENABLE_MODULES = YES;
				CLANG_ENABLE_OBJC_ARC = YES;
				CLANG_ENABLE_OBJC_WEAK = YES;
				CLANG_WARN_BLOCK_CAPTURE_AUTORELEASING = YES;
				CLANG_WARN_BOOL_CONVERSION = YES;
				CLANG_WARN_COMMA = YES;
				CLANG_WARN_CONSTANT_CONVERSION = YES;
				CLANG_WARN_DEPRECATED_OBJC_IMPLEMENTATIONS = YES;
				CLANG_WARN_DIRECT_OBJC_ISA_USAGE = YES_ERROR;
				CLANG_WARN_DOCUMENTATION_COMMENTS = YES;
				CLANG_WARN_EMPTY_BODY = YES;
				CLANG_WARN_ENUM_CONVERSION = YES;
				CLANG_WARN_INFINITE_RECURSION = YES;
				CLANG_WARN_INT_CONVERSION = YES;
				CLANG_WARN_NON_LITERAL_NULL_CONVERSION = YES;
				CLANG_WARN_OBJC_IMPLICIT_RETAIN_SELF = YES;
				CLANG_WARN_OBJC_LITERAL_CONVERSION = YES;
				CLANG_WARN_OBJC_ROOT_CLASS = YES_ERROR;
				CLANG_WARN_QUOTED_INCLUDE_IN_FRAMEWORK_HEADER = YES;
				CLANG_WARN_RANGE_LOOP_ANALYSIS = YES;
				CLANG_WARN_STRICT_PROTOTYPES = YES;
				CLANG_WARN_SUSPICIOUS_MOVE = YES;
				CLANG_WARN_UNGUARDED_AVAILABILITY = YES_AGGRESSIVE;
				CLANG_WARN_UNREACHABLE_CODE = YES;
				CLANG_WARN__DUPLICATE_METHOD_MATCH = YES;
				COPY_PHASE_STRIP = NO;
				DEBUG_INFORMATION_FORMAT = dwarf;
				ENABLE_STRICT_OBJC_MSGSEND = YES;
				ENABLE_TESTABILITY = YES;
				GCC_C_LANGUAGE_STANDARD = gnu11;
				GCC_DYNAMIC_NO_PIC = NO;
				GCC_NO_COMMON_BLOCKS = YES;
				GCC_OPTIMIZATION_LEVEL = 0;
				GCC_PREPROCESSOR_DEFINITIONS = (
					"DEBUG=1",
					"$(inherited)",
				);
				GCC_WARN_64_TO_32_BIT_CONVERSION = YES;
				GCC_WARN_ABOUT_RETURN_TYPE = YES_ERROR;
				GCC_WARN_UNDECLARED_SELECTOR = YES;
				GCC_WARN_UNINITIALIZED_AUTOS = YES_AGGRESSIVE;
				GCC_WARN_UNUSED_FUNCTION = YES;
				GCC_WARN_UNUSED_VARIABLE = YES;
				IPHONEOS_DEPLOYMENT_TARGET = 14.4;
				MTL_ENABLE_DEBUG_INFO = INCLUDE_SOURCE;
				MTL_FAST_MATH = YES;
				ONLY_ACTIVE_ARCH = YES;
				SDKROOT = iphoneos;
				SWIFT_ACTIVE_COMPILATION_CONDITIONS = DEBUG;
				SWIFT_OPTIMIZATION_LEVEL = "-Onone";
			};
			name = Debug;
		};
		2E3BC505276147F300690ADE /* Release */ = {
			isa = XCBuildConfiguration;
			buildSettings = {
				ALWAYS_SEARCH_USER_PATHS = NO;
				CLANG_ANALYZER_NONNULL = YES;
				CLANG_ANALYZER_NUMBER_OBJECT_CONVERSION = YES_AGGRESSIVE;
				CLANG_CXX_LANGUAGE_STANDARD = "gnu++14";
				CLANG_CXX_LIBRARY = "libc++";
				CLANG_ENABLE_MODULES = YES;
				CLANG_ENABLE_OBJC_ARC = YES;
				CLANG_ENABLE_OBJC_WEAK = YES;
				CLANG_WARN_BLOCK_CAPTURE_AUTORELEASING = YES;
				CLANG_WARN_BOOL_CONVERSION = YES;
				CLANG_WARN_COMMA = YES;
				CLANG_WARN_CONSTANT_CONVERSION = YES;
				CLANG_WARN_DEPRECATED_OBJC_IMPLEMENTATIONS = YES;
				CLANG_WARN_DIRECT_OBJC_ISA_USAGE = YES_ERROR;
				CLANG_WARN_DOCUMENTATION_COMMENTS = YES;
				CLANG_WARN_EMPTY_BODY = YES;
				CLANG_WARN_ENUM_CONVERSION = YES;
				CLANG_WARN_INFINITE_RECURSION = YES;
				CLANG_WARN_INT_CONVERSION = YES;
				CLANG_WARN_NON_LITERAL_NULL_CONVERSION = YES;
				CLANG_WARN_OBJC_IMPLICIT_RETAIN_SELF = YES;
				CLANG_WARN_OBJC_LITERAL_CONVERSION = YES;
				CLANG_WARN_OBJC_ROOT_CLASS = YES_ERROR;
				CLANG_WARN_QUOTED_INCLUDE_IN_FRAMEWORK_HEADER = YES;
				CLANG_WARN_RANGE_LOOP_ANALYSIS = YES;
				CLANG_WARN_STRICT_PROTOTYPES = YES;
				CLANG_WARN_SUSPICIOUS_MOVE = YES;
				CLANG_WARN_UNGUARDED_AVAILABILITY = YES_AGGRESSIVE;
				CLANG_WARN_UNREACHABLE_CODE = YES;
				CLANG_WARN__DUPLICATE_METHOD_MATCH = YES;
				COPY_PHASE_STRIP = NO;
				DEBUG_INFORMATION_FORMAT = "dwarf-with-dsym";
				ENABLE_NS_ASSERTIONS = NO;
				ENABLE_STRICT_OBJC_MSGSEND = YES;
				GCC_C_LANGUAGE_STANDARD = gnu11;
				GCC_NO_COMMON_BLOCKS = YES;
				GCC_WARN_64_TO_32_BIT_CONVERSION = YES;
				GCC_WARN_ABOUT_RETURN_TYPE = YES_ERROR;
				GCC_WARN_UNDECLARED_SELECTOR = YES;
				GCC_WARN_UNINITIALIZED_AUTOS = YES_AGGRESSIVE;
				GCC_WARN_UNUSED_FUNCTION = YES;
				GCC_WARN_UNUSED_VARIABLE = YES;
				IPHONEOS_DEPLOYMENT_TARGET = 14.4;
				MTL_ENABLE_DEBUG_INFO = NO;
				MTL_FAST_MATH = YES;
				SDKROOT = iphoneos;
				SWIFT_COMPILATION_MODE = wholemodule;
				SWIFT_OPTIMIZATION_LEVEL = "-O";
				VALIDATE_PRODUCT = YES;
			};
			name = Release;
		};
		2E3BC507276147F300690ADE /* Debug */ = {
			isa = XCBuildConfiguration;
			baseConfigurationReference = 01119230A72A2E1A281BB603 /* Pods-client-server-1788.debug.xcconfig */;
			buildSettings = {
				ASSETCATALOG_COMPILER_APPICON_NAME = AppIcon;
				ASSETCATALOG_COMPILER_GLOBAL_ACCENT_COLOR_NAME = AccentColor;
				CODE_SIGN_STYLE = Automatic;
				DEVELOPMENT_TEAM = 9BK8NWYM5V;
				INFOPLIST_FILE = "client-server-1788/Sources/Info.plist";
				LD_RUNPATH_SEARCH_PATHS = (
					"$(inherited)",
					"@executable_path/Frameworks",
				);
				PRODUCT_BUNDLE_IDENTIFIER = "NikNik.client-server-1788";
				PRODUCT_NAME = "$(TARGET_NAME)";
				SWIFT_VERSION = 5.0;
				TARGETED_DEVICE_FAMILY = "1,2";
			};
			name = Debug;
		};
		2E3BC508276147F300690ADE /* Release */ = {
			isa = XCBuildConfiguration;
			baseConfigurationReference = 954799A3105721613CD10A96 /* Pods-client-server-1788.release.xcconfig */;
			buildSettings = {
				ASSETCATALOG_COMPILER_APPICON_NAME = AppIcon;
				ASSETCATALOG_COMPILER_GLOBAL_ACCENT_COLOR_NAME = AccentColor;
				CODE_SIGN_STYLE = Automatic;
				DEVELOPMENT_TEAM = 9BK8NWYM5V;
				INFOPLIST_FILE = "client-server-1788/Sources/Info.plist";
				LD_RUNPATH_SEARCH_PATHS = (
					"$(inherited)",
					"@executable_path/Frameworks",
				);
				PRODUCT_BUNDLE_IDENTIFIER = "NikNik.client-server-1788";
				PRODUCT_NAME = "$(TARGET_NAME)";
				SWIFT_VERSION = 5.0;
				TARGETED_DEVICE_FAMILY = "1,2";
			};
			name = Release;
		};
/* End XCBuildConfiguration section */

/* Begin XCConfigurationList section */
		2E3BC4ED276147F000690ADE /* Build configuration list for PBXProject "client-server-1788" */ = {
			isa = XCConfigurationList;
			buildConfigurations = (
				2E3BC504276147F300690ADE /* Debug */,
				2E3BC505276147F300690ADE /* Release */,
			);
			defaultConfigurationIsVisible = 0;
			defaultConfigurationName = Release;
		};
		2E3BC506276147F300690ADE /* Build configuration list for PBXNativeTarget "client-server-1788" */ = {
			isa = XCConfigurationList;
			buildConfigurations = (
				2E3BC507276147F300690ADE /* Debug */,
				2E3BC508276147F300690ADE /* Release */,
			);
			defaultConfigurationIsVisible = 0;
			defaultConfigurationName = Release;
		};
/* End XCConfigurationList section */

/* Begin XCRemoteSwiftPackageReference section */
		2E4983E3276BA6EC00EB3C23 /* XCRemoteSwiftPackageReference "SDWebImage" */ = {
			isa = XCRemoteSwiftPackageReference;
			repositoryURL = "https://github.com/SDWebImage/SDWebImage.git";
			requirement = {
				kind = upToNextMajorVersion;
				minimumVersion = 5.12.1;
			};
		};
		2E4983EA276BB57200EB3C23 /* XCRemoteSwiftPackageReference "SwiftyJSON" */ = {
			isa = XCRemoteSwiftPackageReference;
			repositoryURL = "https://github.com/SwiftyJSON/SwiftyJSON.git";
			requirement = {
				kind = upToNextMajorVersion;
				minimumVersion = 5.0.1;
			};
		};
		2E5057BE27734BFC00E84A97 /* XCRemoteSwiftPackageReference "realm-swift" */ = {
			isa = XCRemoteSwiftPackageReference;
			repositoryURL = "https://github.com/realm/realm-swift.git";
			requirement = {
				kind = upToNextMajorVersion;
				minimumVersion = 10.20.2;
			};
		};
		2E6AFDF92790AFED004CDEDF /* XCRemoteSwiftPackageReference "firebase-ios-sdk" */ = {
			isa = XCRemoteSwiftPackageReference;
			repositoryURL = "https://github.com/firebase/firebase-ios-sdk";
			requirement = {
				kind = upToNextMajorVersion;
				minimumVersion = 8.0.0;
			};
		};
		2E7FBB86277F472C0021525B /* XCRemoteSwiftPackageReference "SwiftKeychainWrapper" */ = {
			isa = XCRemoteSwiftPackageReference;
			repositoryURL = "https://github.com/jrendel/SwiftKeychainWrapper.git";
			requirement = {
				kind = upToNextMajorVersion;
				minimumVersion = 4.0.1;
			};
		};
/* End XCRemoteSwiftPackageReference section */

/* Begin XCSwiftPackageProductDependency section */
		2E4983E4276BA6EC00EB3C23 /* SDWebImage */ = {
			isa = XCSwiftPackageProductDependency;
			package = 2E4983E3276BA6EC00EB3C23 /* XCRemoteSwiftPackageReference "SDWebImage" */;
			productName = SDWebImage;
		};
		2E4983EB276BB57200EB3C23 /* SwiftyJSON */ = {
			isa = XCSwiftPackageProductDependency;
			package = 2E4983EA276BB57200EB3C23 /* XCRemoteSwiftPackageReference "SwiftyJSON" */;
			productName = SwiftyJSON;
		};
		2E5057BF27734BFC00E84A97 /* RealmSwift */ = {
			isa = XCSwiftPackageProductDependency;
			package = 2E5057BE27734BFC00E84A97 /* XCRemoteSwiftPackageReference "realm-swift" */;
			productName = RealmSwift;
		};
		2E6AFDFA2790AFED004CDEDF /* FirebaseAuth */ = {
			isa = XCSwiftPackageProductDependency;
			package = 2E6AFDF92790AFED004CDEDF /* XCRemoteSwiftPackageReference "firebase-ios-sdk" */;
			productName = FirebaseAuth;
		};
		2E6AFDFC2790AFED004CDEDF /* FirebaseDatabase */ = {
			isa = XCSwiftPackageProductDependency;
			package = 2E6AFDF92790AFED004CDEDF /* XCRemoteSwiftPackageReference "firebase-ios-sdk" */;
			productName = FirebaseDatabase;
		};
		2E7FBB87277F472C0021525B /* SwiftKeychainWrapper */ = {
			isa = XCSwiftPackageProductDependency;
			package = 2E7FBB86277F472C0021525B /* XCRemoteSwiftPackageReference "SwiftKeychainWrapper" */;
			productName = SwiftKeychainWrapper;
		};
/* End XCSwiftPackageProductDependency section */
	};
	rootObject = 2E3BC4EA276147F000690ADE /* Project object */;
}
